
Microsoft Visual Studio Solution File, Format Version 12.00
# Visual Studio 15
VisualStudioVersion = 15.0.27428.2015
MinimumVisualStudioVersion = 10.0.40219.1
Project("{FAE04EC0-301F-11D3-BF4B-00C04F79EFBC}") = "IsyImported", "IsyImported\IsyImported.csproj", "{62B15E79-6F4E-49D8-AC63-7C0650166045}"
EndProject
Project("{FAE04EC0-301F-11D3-BF4B-00C04F79EFBC}") = "NewTimImported", "NewTimImported\NewTimImported.csproj", "{5F596259-9254-476B-A566-2DBE654DFED3}"
EndProject
Global
	GlobalSection(SolutionConfigurationPlatforms) = preSolution
		Debug|x64 = Debug|x64
	EndGlobalSection
	GlobalSection(ProjectConfigurationPlatforms) = postSolution
		{62B15E79-6F4E-49D8-AC63-7C0650166045}.Debug|x64.ActiveCfg = Debug|x64
		{62B15E79-6F4E-49D8-AC63-7C0650166045}.Debug|x64.Build.0 = Debug|x64
		{5F596259-9254-476B-A566-2DBE654DFED3}.Debug|x64.ActiveCfg = Debug|x64
		{5F596259-9254-476B-A566-2DBE654DFED3}.Debug|x64.Build.0 = Debug|x64
	EndGlobalSection
	GlobalSection(SolutionProperties) = preSolution
		HideSolutionNode = FALSE
	EndGlobalSection
	GlobalSection(ExtensibilityGlobals) = postSolution
		SolutionGuid = {E8F2D284-5CEA-4C15-8A38-812056978F81}
	EndGlobalSection
EndGlobal
