
Microsoft Visual Studio Solution File, Format Version 12.00
# Visual Studio 15
VisualStudioVersion = 15.0.27130.2027
MinimumVisualStudioVersion = 10.0.40219.1
Project("{FAE04EC0-301F-11D3-BF4B-00C04F79EFBC}") = "EEM2", "EEM2\EEM2.csproj", "{8348A69F-9700-47E1-B87F-EE0BD168048C}"
EndProject
Global
	GlobalSection(SolutionConfigurationPlatforms) = preSolution
		Debug|Any CPU = Debug|Any CPU
		Release|Any CPU = Release|Any CPU
	EndGlobalSection
	GlobalSection(ProjectConfigurationPlatforms) = postSolution
		{8348A69F-9700-47E1-B87F-EE0BD168048C}.Debug|Any CPU.ActiveCfg = Debug|Any CPU
		{8348A69F-9700-47E1-B87F-EE0BD168048C}.Debug|Any CPU.Build.0 = Debug|Any CPU
		{8348A69F-9700-47E1-B87F-EE0BD168048C}.Release|Any CPU.ActiveCfg = Release|Any CPU
		{8348A69F-9700-47E1-B87F-EE0BD168048C}.Release|Any CPU.Build.0 = Release|Any CPU
	EndGlobalSection
	GlobalSection(SolutionProperties) = preSolution
		HideSolutionNode = FALSE
	EndGlobalSection
	GlobalSection(ExtensibilityGlobals) = postSolution
		SolutionGuid = {6386E87F-DF59-436A-840A-4B4B1EDF1A23}
	EndGlobalSection
EndGlobal
